
Microsoft Visual Studio Solution File, Format Version 12.00
# Visual Studio 2013
VisualStudioVersion = 12.0.40629.0
MinimumVisualStudioVersion = 10.0.40219.1
Project("{FAE04EC0-301F-11D3-BF4B-00C04F79EFBC}") = "CodeExercise", "LiveOrderBoard\CodeExercise.csproj", "{6B6FBDB4-B741-4901-BC75-1884572F685A}"
EndProject
Project("{FAE04EC0-301F-11D3-BF4B-00C04F79EFBC}") = "CodeExercise.Tests", "UnitTestProject1\CodeExercise.Tests.csproj", "{731A3C93-CF46-47EB-AE12-A32C0AABBF88}"
EndProject
Global
	GlobalSection(SolutionConfigurationPlatforms) = preSolution
		Debug|Any CPU = Debug|Any CPU
		Release|Any CPU = Release|Any CPU
	EndGlobalSection
	GlobalSection(ProjectConfigurationPlatforms) = postSolution
		{6B6FBDB4-B741-4901-BC75-1884572F685A}.Debug|Any CPU.ActiveCfg = Debug|Any CPU
		{6B6FBDB4-B741-4901-BC75-1884572F685A}.Debug|Any CPU.Build.0 = Debug|Any CPU
		{6B6FBDB4-B741-4901-BC75-1884572F685A}.Release|Any CPU.ActiveCfg = Release|Any CPU
		{6B6FBDB4-B741-4901-BC75-1884572F685A}.Release|Any CPU.Build.0 = Release|Any CPU
		{731A3C93-CF46-47EB-AE12-A32C0AABBF88}.Debug|Any CPU.ActiveCfg = Debug|Any CPU
		{731A3C93-CF46-47EB-AE12-A32C0AABBF88}.Debug|Any CPU.Build.0 = Debug|Any CPU
		{731A3C93-CF46-47EB-AE12-A32C0AABBF88}.Release|Any CPU.ActiveCfg = Release|Any CPU
		{731A3C93-CF46-47EB-AE12-A32C0AABBF88}.Release|Any CPU.Build.0 = Release|Any CPU
	EndGlobalSection
	GlobalSection(SolutionProperties) = preSolution
		HideSolutionNode = FALSE
	EndGlobalSection
EndGlobal
